{
  "name": "sas-lsp-server",
  "version": "0.0.1",
  "lockfileVersion": 3,
  "requires": true,
  "packages": {
    "": {
      "name": "sas-lsp-server",
      "version": "0.0.1",
      "license": "Apache-2.0",
      "dependencies": {
        "pyright-internal-browser": "^1.1.367",
        "pyright-internal-node": "^1.1.367",
        "vscode-languageserver": "10.0.0-next.6",
        "vscode-languageserver-protocol": "3.17.6-next.6",
        "vscode-languageserver-textdocument": "1.0.12"
      },
      "engines": {
        "node": "*"
      }
    },
    "node_modules/@iarna/toml": {
      "version": "2.2.5",
      "license": "ISC"
    },
    "node_modules/@types/emscripten": {
      "version": "1.39.12",
      "license": "MIT"
    },
    "node_modules/@yarnpkg/fslib": {
      "version": "2.10.4",
      "license": "BSD-2-Clause",
      "dependencies": {
        "@yarnpkg/libzip": "^2.3.0",
        "tslib": "^1.13.0"
      },
      "engines": {
        "node": ">=12 <14 || 14.2 - 14.9 || >14.10.0"
      }
    },
    "node_modules/@yarnpkg/libzip": {
      "version": "2.3.0",
      "license": "BSD-2-Clause",
      "dependencies": {
        "@types/emscripten": "^1.39.6",
        "tslib": "^1.13.0"
      },
      "engines": {
        "node": ">=12 <14 || 14.2 - 14.9 || >14.10.0"
      }
    },
    "node_modules/ansi-styles": {
      "version": "4.3.0",
      "license": "MIT",
      "dependencies": {
        "color-convert": "^2.0.1"
      },
      "engines": {
        "node": ">=8"
      },
      "funding": {
        "url": "https://github.com/chalk/ansi-styles?sponsor=1"
      }
    },
    "node_modules/anymatch": {
      "version": "3.1.3",
      "license": "ISC",
      "dependencies": {
        "normalize-path": "^3.0.0",
        "picomatch": "^2.0.4"
      },
      "engines": {
        "node": ">= 8"
      }
    },
    "node_modules/array-back": {
      "version": "3.1.0",
      "license": "MIT",
      "engines": {
        "node": ">=6"
      }
    },
    "node_modules/binary-extensions": {
      "version": "2.3.0",
      "license": "MIT",
      "engines": {
        "node": ">=8"
      },
      "funding": {
        "url": "https://github.com/sponsors/sindresorhus"
      }
    },
    "node_modules/braces": {
      "version": "3.0.3",
      "license": "MIT",
      "dependencies": {
        "fill-range": "^7.1.1"
      },
      "engines": {
        "node": ">=8"
      }
    },
    "node_modules/buffer-from": {
      "version": "1.1.2",
      "license": "MIT"
    },
    "node_modules/chalk": {
      "version": "4.1.2",
      "license": "MIT",
      "dependencies": {
        "ansi-styles": "^4.1.0",
        "supports-color": "^7.1.0"
      },
      "engines": {
        "node": ">=10"
      },
      "funding": {
        "url": "https://github.com/chalk/chalk?sponsor=1"
      }
    },
    "node_modules/chokidar": {
      "version": "3.6.0",
      "license": "MIT",
      "dependencies": {
        "anymatch": "~3.1.2",
        "braces": "~3.0.2",
        "glob-parent": "~5.1.2",
        "is-binary-path": "~2.1.0",
        "is-glob": "~4.0.1",
        "normalize-path": "~3.0.0",
        "readdirp": "~3.6.0"
      },
      "engines": {
        "node": ">= 8.10.0"
      },
      "funding": {
        "url": "https://paulmillr.com/funding/"
      },
      "optionalDependencies": {
        "fsevents": "~2.3.2"
      }
    },
    "node_modules/color-convert": {
      "version": "2.0.1",
      "license": "MIT",
      "dependencies": {
        "color-name": "~1.1.4"
      },
      "engines": {
        "node": ">=7.0.0"
      }
    },
    "node_modules/color-name": {
      "version": "1.1.4",
      "license": "MIT"
    },
    "node_modules/command-line-args": {
      "version": "5.2.1",
      "license": "MIT",
      "dependencies": {
        "array-back": "^3.1.0",
        "find-replace": "^3.0.0",
        "lodash.camelcase": "^4.3.0",
        "typical": "^4.0.0"
      },
      "engines": {
        "node": ">=4.0.0"
      }
    },
    "node_modules/fill-range": {
      "version": "7.1.1",
      "license": "MIT",
      "dependencies": {
        "to-regex-range": "^5.0.1"
      },
      "engines": {
        "node": ">=8"
      }
    },
    "node_modules/find-replace": {
      "version": "3.0.0",
      "license": "MIT",
      "dependencies": {
        "array-back": "^3.0.1"
      },
      "engines": {
        "node": ">=4.0.0"
      }
    },
    "node_modules/glob-parent": {
      "version": "5.1.2",
      "license": "ISC",
      "dependencies": {
        "is-glob": "^4.0.1"
      },
      "engines": {
        "node": ">= 6"
      }
    },
    "node_modules/has-flag": {
      "version": "4.0.0",
      "license": "MIT",
      "engines": {
        "node": ">=8"
      }
    },
    "node_modules/is-binary-path": {
      "version": "2.1.0",
      "license": "MIT",
      "dependencies": {
        "binary-extensions": "^2.0.0"
      },
      "engines": {
        "node": ">=8"
      }
    },
    "node_modules/is-extglob": {
      "version": "2.1.1",
      "license": "MIT",
      "engines": {
        "node": ">=0.10.0"
      }
    },
    "node_modules/is-glob": {
      "version": "4.0.3",
      "license": "MIT",
      "dependencies": {
        "is-extglob": "^2.1.1"
      },
      "engines": {
        "node": ">=0.10.0"
      }
    },
    "node_modules/is-number": {
      "version": "7.0.0",
      "license": "MIT",
      "engines": {
        "node": ">=0.12.0"
      }
    },
    "node_modules/jsonc-parser": {
      "version": "3.2.1",
      "license": "MIT"
    },
    "node_modules/leven": {
      "version": "3.1.0",
      "license": "MIT",
      "engines": {
        "node": ">=6"
      }
    },
    "node_modules/lodash.camelcase": {
      "version": "4.3.0",
      "license": "MIT"
    },
    "node_modules/normalize-path": {
      "version": "3.0.0",
      "license": "MIT",
      "engines": {
        "node": ">=0.10.0"
      }
    },
    "node_modules/picomatch": {
      "version": "2.3.1",
      "license": "MIT",
      "engines": {
        "node": ">=8.6"
      },
      "funding": {
        "url": "https://github.com/sponsors/jonschlinkert"
      }
    },
    "node_modules/pyright-internal-browser": {
      "version": "1.1.367",
      "license": "MIT",
      "dependencies": {
        "@iarna/toml": "2.2.5",
        "@yarnpkg/fslib": "2.10.4",
        "@yarnpkg/libzip": "2.3.0",
        "chalk": "^4.1.2",
        "chokidar": "^3.6.0",
        "command-line-args": "^5.2.1",
        "jsonc-parser": "^3.2.1",
        "leven": "3.1.0",
        "source-map-support": "^0.5.21",
        "tmp": "^0.2.1",
        "vscode-jsonrpc": "^9.0.0-next.2",
        "vscode-languageserver": "^10.0.0-next.2",
        "vscode-languageserver-textdocument": "1.0.11",
        "vscode-languageserver-types": "^3.17.6-next.3",
        "vscode-uri": "^3.0.8"
      }
    },
    "node_modules/pyright-internal-browser/node_modules/vscode-languageserver-textdocument": {
      "version": "1.0.11",
      "license": "MIT"
    },
    "node_modules/pyright-internal-node": {
      "version": "1.1.367",
      "license": "MIT",
      "dependencies": {
        "@iarna/toml": "2.2.5",
        "@yarnpkg/fslib": "2.10.4",
        "@yarnpkg/libzip": "2.3.0",
        "chalk": "^4.1.2",
        "chokidar": "^3.6.0",
        "command-line-args": "^5.2.1",
        "jsonc-parser": "^3.2.1",
        "leven": "3.1.0",
        "source-map-support": "^0.5.21",
        "tmp": "^0.2.1",
        "vscode-jsonrpc": "^9.0.0-next.2",
        "vscode-languageserver": "^10.0.0-next.2",
        "vscode-languageserver-textdocument": "1.0.11",
        "vscode-languageserver-types": "^3.17.6-next.3",
        "vscode-uri": "^3.0.8"
      }
    },
    "node_modules/pyright-internal-node/node_modules/vscode-languageserver-textdocument": {
      "version": "1.0.11",
      "license": "MIT"
    },
    "node_modules/readdirp": {
      "version": "3.6.0",
      "license": "MIT",
      "dependencies": {
        "picomatch": "^2.2.1"
      },
      "engines": {
        "node": ">=8.10.0"
      }
    },
    "node_modules/source-map": {
      "version": "0.6.1",
      "license": "BSD-3-Clause",
      "engines": {
        "node": ">=0.10.0"
      }
    },
    "node_modules/source-map-support": {
      "version": "0.5.21",
      "license": "MIT",
      "dependencies": {
        "buffer-from": "^1.0.0",
        "source-map": "^0.6.0"
      }
    },
    "node_modules/supports-color": {
      "version": "7.2.0",
      "license": "MIT",
      "dependencies": {
        "has-flag": "^4.0.0"
      },
      "engines": {
        "node": ">=8"
      }
    },
    "node_modules/tmp": {
      "version": "0.2.4",
      "license": "MIT",
      "engines": {
        "node": ">=14.14"
      }
    },
    "node_modules/to-regex-range": {
      "version": "5.0.1",
      "license": "MIT",
      "dependencies": {
        "is-number": "^7.0.0"
      },
      "engines": {
        "node": ">=8.0"
      }
    },
    "node_modules/tslib": {
      "version": "1.14.1",
      "license": "0BSD"
    },
    "node_modules/typical": {
      "version": "4.0.0",
      "license": "MIT",
      "engines": {
        "node": ">=8"
      }
    },
    "node_modules/vscode-jsonrpc": {
      "version": "9.0.0-next.11",
      "license": "MIT",
      "engines": {
        "node": ">=14.0.0"
      }
    },
    "node_modules/vscode-languageserver": {
      "version": "10.0.0-next.6",
      "resolved": "https://registry.npmjs.org/vscode-languageserver/-/vscode-languageserver-10.0.0-next.6.tgz",
      "integrity": "sha512-0Lh1nhQfSxo5Ob+ayYO1QTIsDix2/Lc72Urm1KZrCFxK5zIFYaEh3QFeM9oZih4Rzs0ZkQPXXnoHtpvs5GT+Zw==",
      "dependencies": {
        "vscode-languageserver-protocol": "3.17.6-next.6"
      },
      "bin": {
        "installServerIntoExtension": "bin/installServerIntoExtension"
      }
    },
    "node_modules/vscode-languageserver-protocol": {
      "version": "3.17.6-next.6",
      "resolved": "https://registry.npmjs.org/vscode-languageserver-protocol/-/vscode-languageserver-protocol-3.17.6-next.6.tgz",
      "integrity": "sha512-naxM9kc/phpl0kAFNVPejMUWUtzFXdPYY/BtQTYtfbBbHf8sceHOrKkmf6yynZRu1A4oFtRZNqV3wyFRTWqUHw==",
      "dependencies": {
        "vscode-jsonrpc": "9.0.0-next.4",
        "vscode-languageserver-types": "3.17.6-next.4"
      }
    },
    "node_modules/vscode-languageserver-protocol/node_modules/vscode-jsonrpc": {
      "version": "9.0.0-next.4",
      "resolved": "https://registry.npmjs.org/vscode-jsonrpc/-/vscode-jsonrpc-9.0.0-next.4.tgz",
      "integrity": "sha512-zSVIr58lJSMYKIsZ5P7GtBbv1eEx25eNyOf0NmEzxmn1GhUNJAVAb5hkA1poKUwj1FRMwN6CeyWxZypmr8SsQQ==",
      "engines": {
        "node": ">=14.0.0"
      }
    },
    "node_modules/vscode-languageserver-protocol/node_modules/vscode-languageserver-types": {
      "version": "3.17.6-next.4",
      "resolved": "https://registry.npmjs.org/vscode-languageserver-types/-/vscode-languageserver-types-3.17.6-next.4.tgz",
      "integrity": "sha512-SeJTpH/S14EbxOAVaOUoGVqPToqpRTld5QO5Ghig3AlbFJTFF9Wu7srHMfa85L0SX1RYAuuCSFKJVVCxDIk1/Q=="
    },
    "node_modules/vscode-languageserver-textdocument": {
      "version": "1.0.12",
      "license": "MIT"
    },
    "node_modules/vscode-languageserver-types": {
      "version": "3.17.6-next.6",
      "license": "MIT"
    },
    "node_modules/vscode-uri": {
      "version": "3.0.8",
      "license": "MIT"
    }
  }
}
